
Microsoft Visual Studio Solution File, Format Version 12.00
# Visual Studio Version 17
VisualStudioVersion = 17.3.32929.385
MinimumVisualStudioVersion = 10.0.40219.1
Project("{FAE04EC0-301F-11D3-BF4B-00C04F79EFBC}") = "WebApplicationMartaGrzesiak", "WebApplicationMartaGrzesiak.csproj", "{615C6EC9-DCE9-49D8-89F6-F106D66D08B5}"
EndProject
Global
	GlobalSection(SolutionConfigurationPlatforms) = preSolution
		Debug|Any CPU = Debug|Any CPU
		Release|Any CPU = Release|Any CPU
	EndGlobalSection
	GlobalSection(ProjectConfigurationPlatforms) = postSolution
		{615C6EC9-DCE9-49D8-89F6-F106D66D08B5}.Debug|Any CPU.ActiveCfg = Debug|Any CPU
		{615C6EC9-DCE9-49D8-89F6-F106D66D08B5}.Debug|Any CPU.Build.0 = Debug|Any CPU
		{615C6EC9-DCE9-49D8-89F6-F106D66D08B5}.Release|Any CPU.ActiveCfg = Release|Any CPU
		{615C6EC9-DCE9-49D8-89F6-F106D66D08B5}.Release|Any CPU.Build.0 = Release|Any CPU
	EndGlobalSection
	GlobalSection(SolutionProperties) = preSolution
		HideSolutionNode = FALSE
	EndGlobalSection
	GlobalSection(ExtensibilityGlobals) = postSolution
		SolutionGuid = {D0A8B911-65B1-440A-8443-FC6768286B38}
	EndGlobalSection
EndGlobal
